
Microsoft Visual Studio Solution File, Format Version 12.00
# Visual Studio Version 17
VisualStudioVersion = 17.7.34018.315
MinimumVisualStudioVersion = 10.0.40219.1
Project("{FAE04EC0-301F-11D3-BF4B-00C04F79EFBC}") = "Exercicio037", "Exercicio037.csproj", "{51A2B3B7-1410-4374-99A3-C6C1DB1EE6A5}"
EndProject
Global
	GlobalSection(SolutionConfigurationPlatforms) = preSolution
		Debug|Any CPU = Debug|Any CPU
		Release|Any CPU = Release|Any CPU
	EndGlobalSection
	GlobalSection(ProjectConfigurationPlatforms) = postSolution
		{51A2B3B7-1410-4374-99A3-C6C1DB1EE6A5}.Debug|Any CPU.ActiveCfg = Debug|Any CPU
		{51A2B3B7-1410-4374-99A3-C6C1DB1EE6A5}.Debug|Any CPU.Build.0 = Debug|Any CPU
		{51A2B3B7-1410-4374-99A3-C6C1DB1EE6A5}.Release|Any CPU.ActiveCfg = Release|Any CPU
		{51A2B3B7-1410-4374-99A3-C6C1DB1EE6A5}.Release|Any CPU.Build.0 = Release|Any CPU
	EndGlobalSection
	GlobalSection(SolutionProperties) = preSolution
		HideSolutionNode = FALSE
	EndGlobalSection
	GlobalSection(ExtensibilityGlobals) = postSolution
		SolutionGuid = {9AF257E0-FA79-4D0C-ACB1-D7F37D2DE6E5}
	EndGlobalSection
EndGlobal
