
Microsoft Visual Studio Solution File, Format Version 12.00
# Visual Studio Version 17
VisualStudioVersion = 17.8.34511.84
MinimumVisualStudioVersion = 10.0.40219.1
Project("{FAE04EC0-301F-11D3-BF4B-00C04F79EFBC}") = "Exercicio079", "Exercicio079\Exercicio079.csproj", "{111AFA79-2768-4295-968C-A90D21F869DC}"
EndProject
Global
	GlobalSection(SolutionConfigurationPlatforms) = preSolution
		Debug|Any CPU = Debug|Any CPU
		Release|Any CPU = Release|Any CPU
	EndGlobalSection
	GlobalSection(ProjectConfigurationPlatforms) = postSolution
		{111AFA79-2768-4295-968C-A90D21F869DC}.Debug|Any CPU.ActiveCfg = Debug|Any CPU
		{111AFA79-2768-4295-968C-A90D21F869DC}.Debug|Any CPU.Build.0 = Debug|Any CPU
		{111AFA79-2768-4295-968C-A90D21F869DC}.Release|Any CPU.ActiveCfg = Release|Any CPU
		{111AFA79-2768-4295-968C-A90D21F869DC}.Release|Any CPU.Build.0 = Release|Any CPU
	EndGlobalSection
	GlobalSection(SolutionProperties) = preSolution
		HideSolutionNode = FALSE
	EndGlobalSection
	GlobalSection(ExtensibilityGlobals) = postSolution
		SolutionGuid = {CD044858-1486-4DC0-8E7D-034D657439E9}
	EndGlobalSection
EndGlobal
