
Microsoft Visual Studio Solution File, Format Version 12.00
# Visual Studio Version 17
VisualStudioVersion = 17.8.34330.188
MinimumVisualStudioVersion = 10.0.40219.1
Project("{FAE04EC0-301F-11D3-BF4B-00C04F79EFBC}") = "Exercicio060", "Exercicio060\Exercicio060.csproj", "{F29F88CE-ADC2-45B5-9D21-D7B0A47CAC48}"
EndProject
Global
	GlobalSection(SolutionConfigurationPlatforms) = preSolution
		Debug|Any CPU = Debug|Any CPU
		Release|Any CPU = Release|Any CPU
	EndGlobalSection
	GlobalSection(ProjectConfigurationPlatforms) = postSolution
		{F29F88CE-ADC2-45B5-9D21-D7B0A47CAC48}.Debug|Any CPU.ActiveCfg = Debug|Any CPU
		{F29F88CE-ADC2-45B5-9D21-D7B0A47CAC48}.Debug|Any CPU.Build.0 = Debug|Any CPU
		{F29F88CE-ADC2-45B5-9D21-D7B0A47CAC48}.Release|Any CPU.ActiveCfg = Release|Any CPU
		{F29F88CE-ADC2-45B5-9D21-D7B0A47CAC48}.Release|Any CPU.Build.0 = Release|Any CPU
	EndGlobalSection
	GlobalSection(SolutionProperties) = preSolution
		HideSolutionNode = FALSE
	EndGlobalSection
	GlobalSection(ExtensibilityGlobals) = postSolution
		SolutionGuid = {0C528C23-CDDD-49C7-9370-349D3B39E213}
	EndGlobalSection
EndGlobal
