
Microsoft Visual Studio Solution File, Format Version 12.00
# Visual Studio Version 17
VisualStudioVersion = 17.8.34330.188
MinimumVisualStudioVersion = 10.0.40219.1
Project("{FAE04EC0-301F-11D3-BF4B-00C04F79EFBC}") = "Exercicio052", "Exercicio052\Exercicio052.csproj", "{C1C60C44-9147-4CA7-BA44-171C9A9D452C}"
EndProject
Global
	GlobalSection(SolutionConfigurationPlatforms) = preSolution
		Debug|Any CPU = Debug|Any CPU
		Release|Any CPU = Release|Any CPU
	EndGlobalSection
	GlobalSection(ProjectConfigurationPlatforms) = postSolution
		{C1C60C44-9147-4CA7-BA44-171C9A9D452C}.Debug|Any CPU.ActiveCfg = Debug|Any CPU
		{C1C60C44-9147-4CA7-BA44-171C9A9D452C}.Debug|Any CPU.Build.0 = Debug|Any CPU
		{C1C60C44-9147-4CA7-BA44-171C9A9D452C}.Release|Any CPU.ActiveCfg = Release|Any CPU
		{C1C60C44-9147-4CA7-BA44-171C9A9D452C}.Release|Any CPU.Build.0 = Release|Any CPU
	EndGlobalSection
	GlobalSection(SolutionProperties) = preSolution
		HideSolutionNode = FALSE
	EndGlobalSection
	GlobalSection(ExtensibilityGlobals) = postSolution
		SolutionGuid = {D90ECE4B-91EB-4F51-A10C-A45415860886}
	EndGlobalSection
EndGlobal
