
Microsoft Visual Studio Solution File, Format Version 12.00
# Visual Studio Version 17
VisualStudioVersion = 17.8.34330.188
MinimumVisualStudioVersion = 10.0.40219.1
Project("{FAE04EC0-301F-11D3-BF4B-00C04F79EFBC}") = "Exercicio050", "Exercicio050\Exercicio050.csproj", "{8CC4A61A-3130-49F5-A9B5-82E16B6BF1F4}"
EndProject
Global
	GlobalSection(SolutionConfigurationPlatforms) = preSolution
		Debug|Any CPU = Debug|Any CPU
		Release|Any CPU = Release|Any CPU
	EndGlobalSection
	GlobalSection(ProjectConfigurationPlatforms) = postSolution
		{8CC4A61A-3130-49F5-A9B5-82E16B6BF1F4}.Debug|Any CPU.ActiveCfg = Debug|Any CPU
		{8CC4A61A-3130-49F5-A9B5-82E16B6BF1F4}.Debug|Any CPU.Build.0 = Debug|Any CPU
		{8CC4A61A-3130-49F5-A9B5-82E16B6BF1F4}.Release|Any CPU.ActiveCfg = Release|Any CPU
		{8CC4A61A-3130-49F5-A9B5-82E16B6BF1F4}.Release|Any CPU.Build.0 = Release|Any CPU
	EndGlobalSection
	GlobalSection(SolutionProperties) = preSolution
		HideSolutionNode = FALSE
	EndGlobalSection
	GlobalSection(ExtensibilityGlobals) = postSolution
		SolutionGuid = {6A1A5AD4-BDC7-41CF-A7EF-51155A870D3A}
	EndGlobalSection
EndGlobal
