
Microsoft Visual Studio Solution File, Format Version 12.00
# Visual Studio Version 17
VisualStudioVersion = 17.8.34330.188
MinimumVisualStudioVersion = 10.0.40219.1
Project("{FAE04EC0-301F-11D3-BF4B-00C04F79EFBC}") = "Exercicio051", "Exercicio051\Exercicio051.csproj", "{75147259-F826-45AC-91FE-1F61CF160DBA}"
EndProject
Global
	GlobalSection(SolutionConfigurationPlatforms) = preSolution
		Debug|Any CPU = Debug|Any CPU
		Release|Any CPU = Release|Any CPU
	EndGlobalSection
	GlobalSection(ProjectConfigurationPlatforms) = postSolution
		{75147259-F826-45AC-91FE-1F61CF160DBA}.Debug|Any CPU.ActiveCfg = Debug|Any CPU
		{75147259-F826-45AC-91FE-1F61CF160DBA}.Debug|Any CPU.Build.0 = Debug|Any CPU
		{75147259-F826-45AC-91FE-1F61CF160DBA}.Release|Any CPU.ActiveCfg = Release|Any CPU
		{75147259-F826-45AC-91FE-1F61CF160DBA}.Release|Any CPU.Build.0 = Release|Any CPU
	EndGlobalSection
	GlobalSection(SolutionProperties) = preSolution
		HideSolutionNode = FALSE
	EndGlobalSection
	GlobalSection(ExtensibilityGlobals) = postSolution
		SolutionGuid = {C8B1684C-86C4-4A84-8827-B8F597AA3FC7}
	EndGlobalSection
EndGlobal
