
Microsoft Visual Studio Solution File, Format Version 12.00
# Visual Studio Version 17
VisualStudioVersion = 17.8.34511.84
MinimumVisualStudioVersion = 10.0.40219.1
Project("{FAE04EC0-301F-11D3-BF4B-00C04F79EFBC}") = "Exercicio0100", "Exercicio0100\Exercicio0100.csproj", "{09DF56AD-BC25-4C38-91E2-58008CAC14FB}"
EndProject
Global
	GlobalSection(SolutionConfigurationPlatforms) = preSolution
		Debug|Any CPU = Debug|Any CPU
		Release|Any CPU = Release|Any CPU
	EndGlobalSection
	GlobalSection(ProjectConfigurationPlatforms) = postSolution
		{09DF56AD-BC25-4C38-91E2-58008CAC14FB}.Debug|Any CPU.ActiveCfg = Debug|Any CPU
		{09DF56AD-BC25-4C38-91E2-58008CAC14FB}.Debug|Any CPU.Build.0 = Debug|Any CPU
		{09DF56AD-BC25-4C38-91E2-58008CAC14FB}.Release|Any CPU.ActiveCfg = Release|Any CPU
		{09DF56AD-BC25-4C38-91E2-58008CAC14FB}.Release|Any CPU.Build.0 = Release|Any CPU
	EndGlobalSection
	GlobalSection(SolutionProperties) = preSolution
		HideSolutionNode = FALSE
	EndGlobalSection
	GlobalSection(ExtensibilityGlobals) = postSolution
		SolutionGuid = {FE44C342-B59A-444F-AA2D-FB89D796E2F9}
	EndGlobalSection
EndGlobal
