
Microsoft Visual Studio Solution File, Format Version 12.00
# Visual Studio Version 17
VisualStudioVersion = 17.6.33829.357
MinimumVisualStudioVersion = 10.0.40219.1
Project("{FAE04EC0-301F-11D3-BF4B-00C04F79EFBC}") = "Exercicio8", "Exercicio8.csproj", "{FC83D291-FFD3-4D6D-B2F8-E99BAA985B63}"
EndProject
Global
	GlobalSection(SolutionConfigurationPlatforms) = preSolution
		Debug|Any CPU = Debug|Any CPU
		Release|Any CPU = Release|Any CPU
	EndGlobalSection
	GlobalSection(ProjectConfigurationPlatforms) = postSolution
		{FC83D291-FFD3-4D6D-B2F8-E99BAA985B63}.Debug|Any CPU.ActiveCfg = Debug|Any CPU
		{FC83D291-FFD3-4D6D-B2F8-E99BAA985B63}.Debug|Any CPU.Build.0 = Debug|Any CPU
		{FC83D291-FFD3-4D6D-B2F8-E99BAA985B63}.Release|Any CPU.ActiveCfg = Release|Any CPU
		{FC83D291-FFD3-4D6D-B2F8-E99BAA985B63}.Release|Any CPU.Build.0 = Release|Any CPU
	EndGlobalSection
	GlobalSection(SolutionProperties) = preSolution
		HideSolutionNode = FALSE
	EndGlobalSection
	GlobalSection(ExtensibilityGlobals) = postSolution
		SolutionGuid = {8E78DB4A-F113-4E39-A2E0-07BF506D3343}
	EndGlobalSection
EndGlobal
