
Microsoft Visual Studio Solution File, Format Version 12.00
# Visual Studio Version 17
VisualStudioVersion = 17.6.33829.357
MinimumVisualStudioVersion = 10.0.40219.1
Project("{FAE04EC0-301F-11D3-BF4B-00C04F79EFBC}") = "Exercicio7", "Exercicio7.csproj", "{93EE8831-7848-4C52-BEA5-171BE78F92CF}"
EndProject
Global
	GlobalSection(SolutionConfigurationPlatforms) = preSolution
		Debug|Any CPU = Debug|Any CPU
		Release|Any CPU = Release|Any CPU
	EndGlobalSection
	GlobalSection(ProjectConfigurationPlatforms) = postSolution
		{93EE8831-7848-4C52-BEA5-171BE78F92CF}.Debug|Any CPU.ActiveCfg = Debug|Any CPU
		{93EE8831-7848-4C52-BEA5-171BE78F92CF}.Debug|Any CPU.Build.0 = Debug|Any CPU
		{93EE8831-7848-4C52-BEA5-171BE78F92CF}.Release|Any CPU.ActiveCfg = Release|Any CPU
		{93EE8831-7848-4C52-BEA5-171BE78F92CF}.Release|Any CPU.Build.0 = Release|Any CPU
	EndGlobalSection
	GlobalSection(SolutionProperties) = preSolution
		HideSolutionNode = FALSE
	EndGlobalSection
	GlobalSection(ExtensibilityGlobals) = postSolution
		SolutionGuid = {862D0660-7577-480B-A666-31877C37D513}
	EndGlobalSection
EndGlobal
