
Microsoft Visual Studio Solution File, Format Version 12.00
# Visual Studio Version 17
VisualStudioVersion = 17.8.34511.84
MinimumVisualStudioVersion = 10.0.40219.1
Project("{FAE04EC0-301F-11D3-BF4B-00C04F79EFBC}") = "Exercicio076", "Exercicio076\Exercicio076.csproj", "{74D05E7A-484E-4D75-85B0-96CC00EFBADC}"
EndProject
Global
	GlobalSection(SolutionConfigurationPlatforms) = preSolution
		Debug|Any CPU = Debug|Any CPU
		Release|Any CPU = Release|Any CPU
	EndGlobalSection
	GlobalSection(ProjectConfigurationPlatforms) = postSolution
		{74D05E7A-484E-4D75-85B0-96CC00EFBADC}.Debug|Any CPU.ActiveCfg = Debug|Any CPU
		{74D05E7A-484E-4D75-85B0-96CC00EFBADC}.Debug|Any CPU.Build.0 = Debug|Any CPU
		{74D05E7A-484E-4D75-85B0-96CC00EFBADC}.Release|Any CPU.ActiveCfg = Release|Any CPU
		{74D05E7A-484E-4D75-85B0-96CC00EFBADC}.Release|Any CPU.Build.0 = Release|Any CPU
	EndGlobalSection
	GlobalSection(SolutionProperties) = preSolution
		HideSolutionNode = FALSE
	EndGlobalSection
	GlobalSection(ExtensibilityGlobals) = postSolution
		SolutionGuid = {20ECA8A2-7025-4A19-8391-7BBF59B1225D}
	EndGlobalSection
EndGlobal
