
Microsoft Visual Studio Solution File, Format Version 12.00
# Visual Studio Version 17
VisualStudioVersion = 17.8.34330.188
MinimumVisualStudioVersion = 10.0.40219.1
Project("{FAE04EC0-301F-11D3-BF4B-00C04F79EFBC}") = "Exercicio057", "Exercicio057\Exercicio057.csproj", "{0366E917-E1D3-408B-83AF-7BDA001B1052}"
EndProject
Global
	GlobalSection(SolutionConfigurationPlatforms) = preSolution
		Debug|Any CPU = Debug|Any CPU
		Release|Any CPU = Release|Any CPU
	EndGlobalSection
	GlobalSection(ProjectConfigurationPlatforms) = postSolution
		{0366E917-E1D3-408B-83AF-7BDA001B1052}.Debug|Any CPU.ActiveCfg = Debug|Any CPU
		{0366E917-E1D3-408B-83AF-7BDA001B1052}.Debug|Any CPU.Build.0 = Debug|Any CPU
		{0366E917-E1D3-408B-83AF-7BDA001B1052}.Release|Any CPU.ActiveCfg = Release|Any CPU
		{0366E917-E1D3-408B-83AF-7BDA001B1052}.Release|Any CPU.Build.0 = Release|Any CPU
	EndGlobalSection
	GlobalSection(SolutionProperties) = preSolution
		HideSolutionNode = FALSE
	EndGlobalSection
	GlobalSection(ExtensibilityGlobals) = postSolution
		SolutionGuid = {05353DC5-672B-4298-8A05-A5645E1B7713}
	EndGlobalSection
EndGlobal
