
Microsoft Visual Studio Solution File, Format Version 12.00
# Visual Studio Version 17
VisualStudioVersion = 17.6.33829.357
MinimumVisualStudioVersion = 10.0.40219.1
Project("{FAE04EC0-301F-11D3-BF4B-00C04F79EFBC}") = "Exercicio4", "Exercicio4.csproj", "{18668577-1ECE-4FFC-B6A5-E3E32C3D6C86}"
EndProject
Global
	GlobalSection(SolutionConfigurationPlatforms) = preSolution
		Debug|Any CPU = Debug|Any CPU
		Release|Any CPU = Release|Any CPU
	EndGlobalSection
	GlobalSection(ProjectConfigurationPlatforms) = postSolution
		{18668577-1ECE-4FFC-B6A5-E3E32C3D6C86}.Debug|Any CPU.ActiveCfg = Debug|Any CPU
		{18668577-1ECE-4FFC-B6A5-E3E32C3D6C86}.Debug|Any CPU.Build.0 = Debug|Any CPU
		{18668577-1ECE-4FFC-B6A5-E3E32C3D6C86}.Release|Any CPU.ActiveCfg = Release|Any CPU
		{18668577-1ECE-4FFC-B6A5-E3E32C3D6C86}.Release|Any CPU.Build.0 = Release|Any CPU
	EndGlobalSection
	GlobalSection(SolutionProperties) = preSolution
		HideSolutionNode = FALSE
	EndGlobalSection
	GlobalSection(ExtensibilityGlobals) = postSolution
		SolutionGuid = {ABD17DF5-714D-416D-ADC7-39FAE90A3B32}
	EndGlobalSection
EndGlobal
