
Microsoft Visual Studio Solution File, Format Version 12.00
# Visual Studio Version 17
VisualStudioVersion = 17.6.33829.357
MinimumVisualStudioVersion = 10.0.40219.1
Project("{FAE04EC0-301F-11D3-BF4B-00C04F79EFBC}") = "Exercicio029", "Exercicio029.csproj", "{0043F860-B641-4067-8342-1571EB95F0F4}"
EndProject
Global
	GlobalSection(SolutionConfigurationPlatforms) = preSolution
		Debug|Any CPU = Debug|Any CPU
		Release|Any CPU = Release|Any CPU
	EndGlobalSection
	GlobalSection(ProjectConfigurationPlatforms) = postSolution
		{0043F860-B641-4067-8342-1571EB95F0F4}.Debug|Any CPU.ActiveCfg = Debug|Any CPU
		{0043F860-B641-4067-8342-1571EB95F0F4}.Debug|Any CPU.Build.0 = Debug|Any CPU
		{0043F860-B641-4067-8342-1571EB95F0F4}.Release|Any CPU.ActiveCfg = Release|Any CPU
		{0043F860-B641-4067-8342-1571EB95F0F4}.Release|Any CPU.Build.0 = Release|Any CPU
	EndGlobalSection
	GlobalSection(SolutionProperties) = preSolution
		HideSolutionNode = FALSE
	EndGlobalSection
	GlobalSection(ExtensibilityGlobals) = postSolution
		SolutionGuid = {70B4A55B-E33D-46EC-9242-D708576C130D}
	EndGlobalSection
EndGlobal
