
Microsoft Visual Studio Solution File, Format Version 12.00
# Visual Studio Version 17
VisualStudioVersion = 17.8.34511.84
MinimumVisualStudioVersion = 10.0.40219.1
Project("{FAE04EC0-301F-11D3-BF4B-00C04F79EFBC}") = "Exercicio098", "Exercicio098\Exercicio098.csproj", "{44620662-40EF-48B7-99B1-AEFEBA92D298}"
EndProject
Global
	GlobalSection(SolutionConfigurationPlatforms) = preSolution
		Debug|Any CPU = Debug|Any CPU
		Release|Any CPU = Release|Any CPU
	EndGlobalSection
	GlobalSection(ProjectConfigurationPlatforms) = postSolution
		{44620662-40EF-48B7-99B1-AEFEBA92D298}.Debug|Any CPU.ActiveCfg = Debug|Any CPU
		{44620662-40EF-48B7-99B1-AEFEBA92D298}.Debug|Any CPU.Build.0 = Debug|Any CPU
		{44620662-40EF-48B7-99B1-AEFEBA92D298}.Release|Any CPU.ActiveCfg = Release|Any CPU
		{44620662-40EF-48B7-99B1-AEFEBA92D298}.Release|Any CPU.Build.0 = Release|Any CPU
	EndGlobalSection
	GlobalSection(SolutionProperties) = preSolution
		HideSolutionNode = FALSE
	EndGlobalSection
	GlobalSection(ExtensibilityGlobals) = postSolution
		SolutionGuid = {810B53EF-80AA-4CF6-8639-1E1BD41A00E3}
	EndGlobalSection
EndGlobal
