
Microsoft Visual Studio Solution File, Format Version 12.00
# Visual Studio Version 17
VisualStudioVersion = 17.8.34511.84
MinimumVisualStudioVersion = 10.0.40219.1
Project("{FAE04EC0-301F-11D3-BF4B-00C04F79EFBC}") = "Exercicio084", "Exercicio084\Exercicio084.csproj", "{BA9F3A53-B8D4-47FF-8773-0F01AA7CC16F}"
EndProject
Global
	GlobalSection(SolutionConfigurationPlatforms) = preSolution
		Debug|Any CPU = Debug|Any CPU
		Release|Any CPU = Release|Any CPU
	EndGlobalSection
	GlobalSection(ProjectConfigurationPlatforms) = postSolution
		{BA9F3A53-B8D4-47FF-8773-0F01AA7CC16F}.Debug|Any CPU.ActiveCfg = Debug|Any CPU
		{BA9F3A53-B8D4-47FF-8773-0F01AA7CC16F}.Debug|Any CPU.Build.0 = Debug|Any CPU
		{BA9F3A53-B8D4-47FF-8773-0F01AA7CC16F}.Release|Any CPU.ActiveCfg = Release|Any CPU
		{BA9F3A53-B8D4-47FF-8773-0F01AA7CC16F}.Release|Any CPU.Build.0 = Release|Any CPU
	EndGlobalSection
	GlobalSection(SolutionProperties) = preSolution
		HideSolutionNode = FALSE
	EndGlobalSection
	GlobalSection(ExtensibilityGlobals) = postSolution
		SolutionGuid = {DA2F2552-7167-4965-82F2-38E3CA91BAA9}
	EndGlobalSection
EndGlobal
