
Microsoft Visual Studio Solution File, Format Version 12.00
# Visual Studio Version 17
VisualStudioVersion = 17.7.34018.315
MinimumVisualStudioVersion = 10.0.40219.1
Project("{FAE04EC0-301F-11D3-BF4B-00C04F79EFBC}") = "Exercicio035", "Exercicio035.csproj", "{232943DA-56A0-4035-B2E6-5C91851199FF}"
EndProject
Global
	GlobalSection(SolutionConfigurationPlatforms) = preSolution
		Debug|Any CPU = Debug|Any CPU
		Release|Any CPU = Release|Any CPU
	EndGlobalSection
	GlobalSection(ProjectConfigurationPlatforms) = postSolution
		{232943DA-56A0-4035-B2E6-5C91851199FF}.Debug|Any CPU.ActiveCfg = Debug|Any CPU
		{232943DA-56A0-4035-B2E6-5C91851199FF}.Debug|Any CPU.Build.0 = Debug|Any CPU
		{232943DA-56A0-4035-B2E6-5C91851199FF}.Release|Any CPU.ActiveCfg = Release|Any CPU
		{232943DA-56A0-4035-B2E6-5C91851199FF}.Release|Any CPU.Build.0 = Release|Any CPU
	EndGlobalSection
	GlobalSection(SolutionProperties) = preSolution
		HideSolutionNode = FALSE
	EndGlobalSection
	GlobalSection(ExtensibilityGlobals) = postSolution
		SolutionGuid = {54780E0E-7461-4DF6-83BC-AF313AD0CA8B}
	EndGlobalSection
EndGlobal
