
Microsoft Visual Studio Solution File, Format Version 12.00
# Visual Studio Version 17
VisualStudioVersion = 17.8.34511.84
MinimumVisualStudioVersion = 10.0.40219.1
Project("{FAE04EC0-301F-11D3-BF4B-00C04F79EFBC}") = "Exercicio077", "Exercicio077\Exercicio077.csproj", "{A68115B5-8622-4D66-9903-5848FAAB16C0}"
EndProject
Global
	GlobalSection(SolutionConfigurationPlatforms) = preSolution
		Debug|Any CPU = Debug|Any CPU
		Release|Any CPU = Release|Any CPU
	EndGlobalSection
	GlobalSection(ProjectConfigurationPlatforms) = postSolution
		{A68115B5-8622-4D66-9903-5848FAAB16C0}.Debug|Any CPU.ActiveCfg = Debug|Any CPU
		{A68115B5-8622-4D66-9903-5848FAAB16C0}.Debug|Any CPU.Build.0 = Debug|Any CPU
		{A68115B5-8622-4D66-9903-5848FAAB16C0}.Release|Any CPU.ActiveCfg = Release|Any CPU
		{A68115B5-8622-4D66-9903-5848FAAB16C0}.Release|Any CPU.Build.0 = Release|Any CPU
	EndGlobalSection
	GlobalSection(SolutionProperties) = preSolution
		HideSolutionNode = FALSE
	EndGlobalSection
	GlobalSection(ExtensibilityGlobals) = postSolution
		SolutionGuid = {3F79FB10-88A4-495D-8119-DC8FBDCF80F9}
	EndGlobalSection
EndGlobal
