
Microsoft Visual Studio Solution File, Format Version 12.00
# Visual Studio Version 17
VisualStudioVersion = 17.8.34511.84
MinimumVisualStudioVersion = 10.0.40219.1
Project("{FAE04EC0-301F-11D3-BF4B-00C04F79EFBC}") = "Exercicio078", "Exercicio078\Exercicio078.csproj", "{4C888A3C-5CB1-494C-A8CF-C1D38228121D}"
EndProject
Global
	GlobalSection(SolutionConfigurationPlatforms) = preSolution
		Debug|Any CPU = Debug|Any CPU
		Release|Any CPU = Release|Any CPU
	EndGlobalSection
	GlobalSection(ProjectConfigurationPlatforms) = postSolution
		{4C888A3C-5CB1-494C-A8CF-C1D38228121D}.Debug|Any CPU.ActiveCfg = Debug|Any CPU
		{4C888A3C-5CB1-494C-A8CF-C1D38228121D}.Debug|Any CPU.Build.0 = Debug|Any CPU
		{4C888A3C-5CB1-494C-A8CF-C1D38228121D}.Release|Any CPU.ActiveCfg = Release|Any CPU
		{4C888A3C-5CB1-494C-A8CF-C1D38228121D}.Release|Any CPU.Build.0 = Release|Any CPU
	EndGlobalSection
	GlobalSection(SolutionProperties) = preSolution
		HideSolutionNode = FALSE
	EndGlobalSection
	GlobalSection(ExtensibilityGlobals) = postSolution
		SolutionGuid = {A9B0D65C-7C18-465B-BAC8-9D157892A198}
	EndGlobalSection
EndGlobal
