
Microsoft Visual Studio Solution File, Format Version 12.00
# Visual Studio Version 17
VisualStudioVersion = 17.6.33829.357
MinimumVisualStudioVersion = 10.0.40219.1
Project("{FAE04EC0-301F-11D3-BF4B-00C04F79EFBC}") = "Execicio19", "Execicio19.csproj", "{81A15EA2-95F4-4288-A302-51488CFD9C67}"
EndProject
Global
	GlobalSection(SolutionConfigurationPlatforms) = preSolution
		Debug|Any CPU = Debug|Any CPU
		Release|Any CPU = Release|Any CPU
	EndGlobalSection
	GlobalSection(ProjectConfigurationPlatforms) = postSolution
		{81A15EA2-95F4-4288-A302-51488CFD9C67}.Debug|Any CPU.ActiveCfg = Debug|Any CPU
		{81A15EA2-95F4-4288-A302-51488CFD9C67}.Debug|Any CPU.Build.0 = Debug|Any CPU
		{81A15EA2-95F4-4288-A302-51488CFD9C67}.Release|Any CPU.ActiveCfg = Release|Any CPU
		{81A15EA2-95F4-4288-A302-51488CFD9C67}.Release|Any CPU.Build.0 = Release|Any CPU
	EndGlobalSection
	GlobalSection(SolutionProperties) = preSolution
		HideSolutionNode = FALSE
	EndGlobalSection
	GlobalSection(ExtensibilityGlobals) = postSolution
		SolutionGuid = {48033ADD-C22D-4FCF-955B-3896B9B6CC59}
	EndGlobalSection
EndGlobal
