
Microsoft Visual Studio Solution File, Format Version 12.00
# Visual Studio Version 17
VisualStudioVersion = 17.6.33829.357
MinimumVisualStudioVersion = 10.0.40219.1
Project("{FAE04EC0-301F-11D3-BF4B-00C04F79EFBC}") = "Exercicio1", "Exercicio1.csproj", "{87D66F67-D4AB-4F86-A685-E979C98299C6}"
EndProject
Global
	GlobalSection(SolutionConfigurationPlatforms) = preSolution
		Debug|Any CPU = Debug|Any CPU
		Release|Any CPU = Release|Any CPU
	EndGlobalSection
	GlobalSection(ProjectConfigurationPlatforms) = postSolution
		{87D66F67-D4AB-4F86-A685-E979C98299C6}.Debug|Any CPU.ActiveCfg = Debug|Any CPU
		{87D66F67-D4AB-4F86-A685-E979C98299C6}.Debug|Any CPU.Build.0 = Debug|Any CPU
		{87D66F67-D4AB-4F86-A685-E979C98299C6}.Release|Any CPU.ActiveCfg = Release|Any CPU
		{87D66F67-D4AB-4F86-A685-E979C98299C6}.Release|Any CPU.Build.0 = Release|Any CPU
	EndGlobalSection
	GlobalSection(SolutionProperties) = preSolution
		HideSolutionNode = FALSE
	EndGlobalSection
	GlobalSection(ExtensibilityGlobals) = postSolution
		SolutionGuid = {2DD53D1C-64DA-48FC-A897-B655BF8D2FC8}
	EndGlobalSection
EndGlobal
