
Microsoft Visual Studio Solution File, Format Version 12.00
# Visual Studio Version 17
VisualStudioVersion = 17.8.34511.84
MinimumVisualStudioVersion = 10.0.40219.1
Project("{FAE04EC0-301F-11D3-BF4B-00C04F79EFBC}") = "Exercicio106", "Exercicio106\Exercicio106.csproj", "{97F1F069-6F64-46A3-ACED-F4D6AD4B8D2A}"
EndProject
Global
	GlobalSection(SolutionConfigurationPlatforms) = preSolution
		Debug|Any CPU = Debug|Any CPU
		Release|Any CPU = Release|Any CPU
	EndGlobalSection
	GlobalSection(ProjectConfigurationPlatforms) = postSolution
		{97F1F069-6F64-46A3-ACED-F4D6AD4B8D2A}.Debug|Any CPU.ActiveCfg = Debug|Any CPU
		{97F1F069-6F64-46A3-ACED-F4D6AD4B8D2A}.Debug|Any CPU.Build.0 = Debug|Any CPU
		{97F1F069-6F64-46A3-ACED-F4D6AD4B8D2A}.Release|Any CPU.ActiveCfg = Release|Any CPU
		{97F1F069-6F64-46A3-ACED-F4D6AD4B8D2A}.Release|Any CPU.Build.0 = Release|Any CPU
	EndGlobalSection
	GlobalSection(SolutionProperties) = preSolution
		HideSolutionNode = FALSE
	EndGlobalSection
	GlobalSection(ExtensibilityGlobals) = postSolution
		SolutionGuid = {35252677-F23B-42A4-AC90-94CA49561873}
	EndGlobalSection
EndGlobal
