
Microsoft Visual Studio Solution File, Format Version 12.00
# Visual Studio Version 17
VisualStudioVersion = 17.7.34018.315
MinimumVisualStudioVersion = 10.0.40219.1
Project("{FAE04EC0-301F-11D3-BF4B-00C04F79EFBC}") = "Exercicio036", "Exercicio036.csproj", "{1DCFBBA8-3575-44D1-9309-7B7084E33D17}"
EndProject
Global
	GlobalSection(SolutionConfigurationPlatforms) = preSolution
		Debug|Any CPU = Debug|Any CPU
		Release|Any CPU = Release|Any CPU
	EndGlobalSection
	GlobalSection(ProjectConfigurationPlatforms) = postSolution
		{1DCFBBA8-3575-44D1-9309-7B7084E33D17}.Debug|Any CPU.ActiveCfg = Debug|Any CPU
		{1DCFBBA8-3575-44D1-9309-7B7084E33D17}.Debug|Any CPU.Build.0 = Debug|Any CPU
		{1DCFBBA8-3575-44D1-9309-7B7084E33D17}.Release|Any CPU.ActiveCfg = Release|Any CPU
		{1DCFBBA8-3575-44D1-9309-7B7084E33D17}.Release|Any CPU.Build.0 = Release|Any CPU
	EndGlobalSection
	GlobalSection(SolutionProperties) = preSolution
		HideSolutionNode = FALSE
	EndGlobalSection
	GlobalSection(ExtensibilityGlobals) = postSolution
		SolutionGuid = {AF198C6A-00BB-4A39-A8E8-7EB8E5DEC6EB}
	EndGlobalSection
EndGlobal
