
Microsoft Visual Studio Solution File, Format Version 12.00
# Visual Studio Version 17
VisualStudioVersion = 17.8.34511.84
MinimumVisualStudioVersion = 10.0.40219.1
Project("{FAE04EC0-301F-11D3-BF4B-00C04F79EFBC}") = "Exercicio088", "Exercicio088\Exercicio088.csproj", "{C453EE4A-2519-4844-9007-1D03B4522BA2}"
EndProject
Global
	GlobalSection(SolutionConfigurationPlatforms) = preSolution
		Debug|Any CPU = Debug|Any CPU
		Release|Any CPU = Release|Any CPU
	EndGlobalSection
	GlobalSection(ProjectConfigurationPlatforms) = postSolution
		{C453EE4A-2519-4844-9007-1D03B4522BA2}.Debug|Any CPU.ActiveCfg = Debug|Any CPU
		{C453EE4A-2519-4844-9007-1D03B4522BA2}.Debug|Any CPU.Build.0 = Debug|Any CPU
		{C453EE4A-2519-4844-9007-1D03B4522BA2}.Release|Any CPU.ActiveCfg = Release|Any CPU
		{C453EE4A-2519-4844-9007-1D03B4522BA2}.Release|Any CPU.Build.0 = Release|Any CPU
	EndGlobalSection
	GlobalSection(SolutionProperties) = preSolution
		HideSolutionNode = FALSE
	EndGlobalSection
	GlobalSection(ExtensibilityGlobals) = postSolution
		SolutionGuid = {5178B6FF-3F25-40F3-AB88-597E6170B2B8}
	EndGlobalSection
EndGlobal
