
Microsoft Visual Studio Solution File, Format Version 12.00
# Visual Studio Version 17
VisualStudioVersion = 17.8.34511.84
MinimumVisualStudioVersion = 10.0.40219.1
Project("{FAE04EC0-301F-11D3-BF4B-00C04F79EFBC}") = "Exercicio095", "Exercicio095\Exercicio095.csproj", "{96E7395A-3357-4D93-9483-C96F0763DFD3}"
EndProject
Global
	GlobalSection(SolutionConfigurationPlatforms) = preSolution
		Debug|Any CPU = Debug|Any CPU
		Release|Any CPU = Release|Any CPU
	EndGlobalSection
	GlobalSection(ProjectConfigurationPlatforms) = postSolution
		{96E7395A-3357-4D93-9483-C96F0763DFD3}.Debug|Any CPU.ActiveCfg = Debug|Any CPU
		{96E7395A-3357-4D93-9483-C96F0763DFD3}.Debug|Any CPU.Build.0 = Debug|Any CPU
		{96E7395A-3357-4D93-9483-C96F0763DFD3}.Release|Any CPU.ActiveCfg = Release|Any CPU
		{96E7395A-3357-4D93-9483-C96F0763DFD3}.Release|Any CPU.Build.0 = Release|Any CPU
	EndGlobalSection
	GlobalSection(SolutionProperties) = preSolution
		HideSolutionNode = FALSE
	EndGlobalSection
	GlobalSection(ExtensibilityGlobals) = postSolution
		SolutionGuid = {6C0E064E-A029-4F14-9F52-ADB2480E28E2}
	EndGlobalSection
EndGlobal
