
Microsoft Visual Studio Solution File, Format Version 12.00
# Visual Studio Version 17
VisualStudioVersion = 17.6.33829.357
MinimumVisualStudioVersion = 10.0.40219.1
Project("{FAE04EC0-301F-11D3-BF4B-00C04F79EFBC}") = "Exercicio023", "Exercicio023.csproj", "{8067B1E9-478B-4157-B95B-CB710F7A5494}"
EndProject
Global
	GlobalSection(SolutionConfigurationPlatforms) = preSolution
		Debug|Any CPU = Debug|Any CPU
		Release|Any CPU = Release|Any CPU
	EndGlobalSection
	GlobalSection(ProjectConfigurationPlatforms) = postSolution
		{8067B1E9-478B-4157-B95B-CB710F7A5494}.Debug|Any CPU.ActiveCfg = Debug|Any CPU
		{8067B1E9-478B-4157-B95B-CB710F7A5494}.Debug|Any CPU.Build.0 = Debug|Any CPU
		{8067B1E9-478B-4157-B95B-CB710F7A5494}.Release|Any CPU.ActiveCfg = Release|Any CPU
		{8067B1E9-478B-4157-B95B-CB710F7A5494}.Release|Any CPU.Build.0 = Release|Any CPU
	EndGlobalSection
	GlobalSection(SolutionProperties) = preSolution
		HideSolutionNode = FALSE
	EndGlobalSection
	GlobalSection(ExtensibilityGlobals) = postSolution
		SolutionGuid = {B749E34A-2C9F-47B1-A6B4-6402B1198E24}
	EndGlobalSection
EndGlobal
