
Microsoft Visual Studio Solution File, Format Version 12.00
# Visual Studio Version 17
VisualStudioVersion = 17.7.34018.315
MinimumVisualStudioVersion = 10.0.40219.1
Project("{FAE04EC0-301F-11D3-BF4B-00C04F79EFBC}") = "Exercicio033", "Exercicio033.csproj", "{82B1F64E-1CB9-4ED3-BE22-789E4CCB0473}"
EndProject
Global
	GlobalSection(SolutionConfigurationPlatforms) = preSolution
		Debug|Any CPU = Debug|Any CPU
		Release|Any CPU = Release|Any CPU
	EndGlobalSection
	GlobalSection(ProjectConfigurationPlatforms) = postSolution
		{82B1F64E-1CB9-4ED3-BE22-789E4CCB0473}.Debug|Any CPU.ActiveCfg = Debug|Any CPU
		{82B1F64E-1CB9-4ED3-BE22-789E4CCB0473}.Debug|Any CPU.Build.0 = Debug|Any CPU
		{82B1F64E-1CB9-4ED3-BE22-789E4CCB0473}.Release|Any CPU.ActiveCfg = Release|Any CPU
		{82B1F64E-1CB9-4ED3-BE22-789E4CCB0473}.Release|Any CPU.Build.0 = Release|Any CPU
	EndGlobalSection
	GlobalSection(SolutionProperties) = preSolution
		HideSolutionNode = FALSE
	EndGlobalSection
	GlobalSection(ExtensibilityGlobals) = postSolution
		SolutionGuid = {7E4F030F-FA43-47F9-A02F-068A483C01AC}
	EndGlobalSection
EndGlobal
